// !$*UTF8*$!
{
	archiveVersion = 1;
	classes = {
	};
	objectVersion = 54;
	objects = {

/* Begin PBXBuildFile section */
		6301F9A626A039600001E40E /* WebViewContainer.swift in Sources */ = {isa = PBXBuildFile; fileRef = 6301F9A526A039600001E40E /* WebViewContainer.swift */; };
		6301F9A826A039F90001E40E /* WebView.swift in Sources */ = {isa = PBXBuildFile; fileRef = 6301F9A726A039F90001E40E /* WebView.swift */; };
		6356002D26EBC86400A641D9 /* yolov5sTraffic.mlmodel in Sources */ = {isa = PBXBuildFile; fileRef = 6356002C26EBC86400A641D9 /* yolov5sTraffic.mlmodel */; };
		63832B7F269A249000590A9F /* SettingsView.swift in Sources */ = {isa = PBXBuildFile; fileRef = 63832B7E269A249000590A9F /* SettingsView.swift */; };
		63CB353727187C7C0076324B /* GreenLightTests.swift in Sources */ = {isa = PBXBuildFile; fileRef = 63CB353627187C7C0076324B /* GreenLightTests.swift */; };
		63CB3CDD26E79E770015FFBD /* Constants.swift in Sources */ = {isa = PBXBuildFile; fileRef = 63CB3CDC26E79E770015FFBD /* Constants.swift */; };
		A1B1000126046A1000000001 /* Types.swift in Sources */ = {isa = PBXBuildFile; fileRef = A1A1000126046A1000000001 /* Types.swift */; };
		A1B1000226046A1000000001 /* LightStateManager.swift in Sources */ = {isa = PBXBuildFile; fileRef = A1A1000226046A1000000001 /* LightStateManager.swift */; };
		A1B1000326046A1000000001 /* GeometryFilter.swift in Sources */ = {isa = PBXBuildFile; fileRef = A1A1000326046A1000000001 /* GeometryFilter.swift */; };
		A1B1000426046A1000000001 /* ColorHeuristic.swift in Sources */ = {isa = PBXBuildFile; fileRef = A1A1000426046A1000000001 /* ColorHeuristic.swift */; };
		A1B1000526046A1000000001 /* DetectionState.swift in Sources */ = {isa = PBXBuildFile; fileRef = A1A1000526046A1000000001 /* DetectionState.swift */; };
		A1B1000626046A1000000001 /* ChimeController.swift in Sources */ = {isa = PBXBuildFile; fileRef = A1A1000626046A1000000001 /* ChimeController.swift */; };
		A1B1000726046A1000000001 /* HUDView.swift in Sources */ = {isa = PBXBuildFile; fileRef = A1A1000726046A1000000001 /* HUDView.swift */; };
		A1B1000826046A1000000001 /* SceneDelegate.swift in Sources */ = {isa = PBXBuildFile; fileRef = A1A1000826046A1000000001 /* SceneDelegate.swift */; };
		A1B1000926046A1000000001 /* PrivacyInfo.xcprivacy in Resources */ = {isa = PBXBuildFile; fileRef = A1A1000926046A1000000001 /* PrivacyInfo.xcprivacy */; };
		A1B1000A26046A1000000001 /* LightStateManagerTests.swift in Sources */ = {isa = PBXBuildFile; fileRef = A1A1000A26046A1000000001 /* LightStateManagerTests.swift */; };
		A1B1000B26046A1000000001 /* GeometryFilterTests.swift in Sources */ = {isa = PBXBuildFile; fileRef = A1A1000B26046A1000000001 /* GeometryFilterTests.swift */; };
		A1B1000C26046A1000000001 /* ColorHeuristicTests.swift in Sources */ = {isa = PBXBuildFile; fileRef = A1A1000C26046A1000000001 /* ColorHeuristicTests.swift */; };
		A1B1000D26046A1000000001 /* chime.aiff in Resources */ = {isa = PBXBuildFile; fileRef = A1A1000D26046A1000000001 /* chime.aiff */; };
		A1B1000E26046A1000000001 /* yolo26nTraffic.mlpackage in Resources */ = {isa = PBXBuildFile; fileRef = A1A1000E26046A1000000001 /* yolo26nTraffic.mlpackage */; };
		A1B1000F26046A1000000001 /* yolo11nTraffic.mlpackage in Resources */ = {isa = PBXBuildFile; fileRef = A1A1000F26046A1000000001 /* yolo11nTraffic.mlpackage */; };
		A1B1001026046A1000000001 /* TelemetryLogger.swift in Sources */ = {isa = PBXBuildFile; fileRef = A1A1001026046A1000000001 /* TelemetryLogger.swift */; };
		A1B1001126046A1000000001 /* TelemetryLoggerTests.swift in Sources */ = {isa = PBXBuildFile; fileRef = A1A1001126046A1000000001 /* TelemetryLoggerTests.swift */; };
		FAB417F62099308400494E9C /* ViewControllerDetection.swift in Sources */ = {isa = PBXBuildFile; fileRef = FAB417F52099308400494E9C /* ViewControllerDetection.swift */; };
		FAD5009F1ED668B60074D713 /* AppDelegate.swift in Sources */ = {isa = PBXBuildFile; fileRef = FAD5009E1ED668B60074D713 /* AppDelegate.swift */; };
		FAD500A11ED668B60074D713 /* ViewController.swift in Sources */ = {isa = PBXBuildFile; fileRef = FAD500A01ED668B60074D713 /* ViewController.swift */; };
		FAD500A41ED668B60074D713 /* Main.storyboard in Resources */ = {isa = PBXBuildFile; fileRef = FAD500A21ED668B60074D713 /* Main.storyboard */; };
		FAD500A61ED668B60074D713 /* Assets.xcassets in Resources */ = {isa = PBXBuildFile; fileRef = FAD500A51ED668B60074D713 /* Assets.xcassets */; };
		FAD500A91ED668B60074D713 /* LaunchScreen.storyboard in Resources */ = {isa = PBXBuildFile; fileRef = FAD500A71ED668B60074D713 /* LaunchScreen.storyboard */; };
/* End PBXBuildFile section */

/* Begin PBXContainerItemProxy section */
		63CB353827187C7C0076324B /* PBXContainerItemProxy */ = {
			isa = PBXContainerItemProxy;
			containerPortal = FAD500931ED668B60074D713 /* Project object */;
			proxyType = 1;
			remoteGlobalIDString = FAD5009A1ED668B60074D713;
			remoteInfo = GreenLight;
		};
/* End PBXContainerItemProxy section */

/* Begin PBXFileReference section */
		6301F9A526A039600001E40E /* WebViewContainer.swift */ = {isa = PBXFileReference; lastKnownFileType = sourcecode.swift; path = WebViewContainer.swift; sourceTree = "<group>"; };
		6301F9A726A039F90001E40E /* WebView.swift */ = {isa = PBXFileReference; lastKnownFileType = sourcecode.swift; path = WebView.swift; sourceTree = "<group>"; };
		6356002C26EBC86400A641D9 /* yolov5sTraffic.mlmodel */ = {isa = PBXFileReference; lastKnownFileType = file.mlmodel; path = yolov5sTraffic.mlmodel; sourceTree = "<group>"; };
		63832B7E269A249000590A9F /* SettingsView.swift */ = {isa = PBXFileReference; lastKnownFileType = sourcecode.swift; path = SettingsView.swift; sourceTree = "<group>"; };
		63CB353427187C7C0076324B /* GreenLightTests.xctest */ = {isa = PBXFileReference; explicitFileType = wrapper.cfbundle; includeInIndex = 0; path = GreenLightTests.xctest; sourceTree = BUILT_PRODUCTS_DIR; };
		63CB353627187C7C0076324B /* GreenLightTests.swift */ = {isa = PBXFileReference; lastKnownFileType = sourcecode.swift; path = GreenLightTests.swift; sourceTree = "<group>"; };
		63CB3CDC26E79E770015FFBD /* Constants.swift */ = {isa = PBXFileReference; lastKnownFileType = sourcecode.swift; path = Constants.swift; sourceTree = "<group>"; };
		7984D3D3A63BDFC4A07FEF8F /* SampleCode.xcconfig */ = {isa = PBXFileReference; lastKnownFileType = text.xcconfig; name = SampleCode.xcconfig; path = Configuration/SampleCode.xcconfig; sourceTree = "<group>"; };
		A1A1000126046A1000000001 /* Types.swift */ = {isa = PBXFileReference; lastKnownFileType = sourcecode.swift; path = Types.swift; sourceTree = "<group>"; };
		A1A1000226046A1000000001 /* LightStateManager.swift */ = {isa = PBXFileReference; lastKnownFileType = sourcecode.swift; path = LightStateManager.swift; sourceTree = "<group>"; };
		A1A1000326046A1000000001 /* GeometryFilter.swift */ = {isa = PBXFileReference; lastKnownFileType = sourcecode.swift; path = GeometryFilter.swift; sourceTree = "<group>"; };
		A1A1000426046A1000000001 /* ColorHeuristic.swift */ = {isa = PBXFileReference; lastKnownFileType = sourcecode.swift; path = ColorHeuristic.swift; sourceTree = "<group>"; };
		A1A1000526046A1000000001 /* DetectionState.swift */ = {isa = PBXFileReference; lastKnownFileType = sourcecode.swift; path = DetectionState.swift; sourceTree = "<group>"; };
		A1A1000626046A1000000001 /* ChimeController.swift */ = {isa = PBXFileReference; lastKnownFileType = sourcecode.swift; path = ChimeController.swift; sourceTree = "<group>"; };
		A1A1000726046A1000000001 /* HUDView.swift */ = {isa = PBXFileReference; lastKnownFileType = sourcecode.swift; path = HUDView.swift; sourceTree = "<group>"; };
		A1A1000826046A1000000001 /* SceneDelegate.swift */ = {isa = PBXFileReference; lastKnownFileType = sourcecode.swift; path = SceneDelegate.swift; sourceTree = "<group>"; };
		A1A1000926046A1000000001 /* PrivacyInfo.xcprivacy */ = {isa = PBXFileReference; lastKnownFileType = text.xml; path = PrivacyInfo.xcprivacy; sourceTree = "<group>"; };
		A1A1000A26046A1000000001 /* LightStateManagerTests.swift */ = {isa = PBXFileReference; lastKnownFileType = sourcecode.swift; path = LightStateManagerTests.swift; sourceTree = "<group>"; };
		A1A1000B26046A1000000001 /* GeometryFilterTests.swift */ = {isa = PBXFileReference; lastKnownFileType = sourcecode.swift; path = GeometryFilterTests.swift; sourceTree = "<group>"; };
		A1A1000C26046A1000000001 /* ColorHeuristicTests.swift */ = {isa = PBXFileReference; lastKnownFileType = sourcecode.swift; path = ColorHeuristicTests.swift; sourceTree = "<group>"; };
		A1A1000D26046A1000000001 /* chime.aiff */ = {isa = PBXFileReference; lastKnownFileType = audio.aiff; path = chime.aiff; sourceTree = "<group>"; };
		A1A1000E26046A1000000001 /* yolo26nTraffic.mlpackage */ = {isa = PBXFileReference; lastKnownFileType = wrapper.mlpackage; path = yolo26nTraffic.mlpackage; sourceTree = "<group>"; };
		A1A1000F26046A1000000001 /* yolo11nTraffic.mlpackage */ = {isa = PBXFileReference; lastKnownFileType = wrapper.mlpackage; path = yolo11nTraffic.mlpackage; sourceTree = "<group>"; };
		A1A1001026046A1000000001 /* TelemetryLogger.swift */ = {isa = PBXFileReference; lastKnownFileType = sourcecode.swift; path = TelemetryLogger.swift; sourceTree = "<group>"; };
		A1A1001126046A1000000001 /* TelemetryLoggerTests.swift */ = {isa = PBXFileReference; lastKnownFileType = sourcecode.swift; path = TelemetryLoggerTests.swift; sourceTree = "<group>"; };
		FAB417F52099308400494E9C /* ViewControllerDetection.swift */ = {isa = PBXFileReference; fileEncoding = 4; lastKnownFileType = sourcecode.swift; path = ViewControllerDetection.swift; sourceTree = "<group>"; };
		FAD5009B1ED668B60074D713 /* GreenLight.app */ = {isa = PBXFileReference; explicitFileType = wrapper.application; includeInIndex = 0; path = GreenLight.app; sourceTree = BUILT_PRODUCTS_DIR; };
		FAD5009E1ED668B60074D713 /* AppDelegate.swift */ = {isa = PBXFileReference; lastKnownFileType = sourcecode.swift; path = AppDelegate.swift; sourceTree = "<group>"; };
		FAD500A01ED668B60074D713 /* ViewController.swift */ = {isa = PBXFileReference; lastKnownFileType = sourcecode.swift; path = ViewController.swift; sourceTree = "<group>"; };
		FAD500A31ED668B60074D713 /* Base */ = {isa = PBXFileReference; lastKnownFileType = file.storyboard; name = Base; path = Base.lproj/Main.storyboard; sourceTree = "<group>"; };
		FAD500A51ED668B60074D713 /* Assets.xcassets */ = {isa = PBXFileReference; lastKnownFileType = folder.assetcatalog; path = Assets.xcassets; sourceTree = "<group>"; };
		FAD500A81ED668B60074D713 /* Base */ = {isa = PBXFileReference; lastKnownFileType = file.storyboard; name = Base; path = Base.lproj/LaunchScreen.storyboard; sourceTree = "<group>"; };
		FAD500AA1ED668B60074D713 /* Info.plist */ = {isa = PBXFileReference; lastKnownFileType = text.plist.xml; path = Info.plist; sourceTree = "<group>"; };
/* End PBXFileReference section */

/* Begin PBXFrameworksBuildPhase section */
		63CB353127187C7C0076324B /* Frameworks */ = {
			isa = PBXFrameworksBuildPhase;
			buildActionMask = 2147483647;
			files = (
			);
			runOnlyForDeploymentPostprocessing = 0;
		};
		FAD500981ED668B60074D713 /* Frameworks */ = {
			isa = PBXFrameworksBuildPhase;
			buildActionMask = 2147483647;
			files = (
			);
			runOnlyForDeploymentPostprocessing = 0;
		};
/* End PBXFrameworksBuildPhase section */

/* Begin PBXGroup section */
		63131F0E26F5E1FB003E9111 /* ViewControllers */ = {
			isa = PBXGroup;
			children = (
				FAD500A01ED668B60074D713 /* ViewController.swift */,
				FAB417F52099308400494E9C /* ViewControllerDetection.swift */,
			);
			path = ViewControllers;
			sourceTree = "<group>";
		};
		63131F0F26F5E264003E9111 /* Models */ = {
			isa = PBXGroup;
			children = (
				6301F9A526A039600001E40E /* WebViewContainer.swift */,
				63CB3CDC26E79E770015FFBD /* Constants.swift */,
				A1A1000E26046A1000000001 /* yolo26nTraffic.mlpackage */,
				A1A1000F26046A1000000001 /* yolo11nTraffic.mlpackage */,
				6356002C26EBC86400A641D9 /* yolov5sTraffic.mlmodel */,
			);
			path = Models;
			sourceTree = "<group>";
		};
		63832B82269A24CC00590A9F /* Views */ = {
			isa = PBXGroup;
			children = (
				A1A1000726046A1000000001 /* HUDView.swift */,
				63832B7E269A249000590A9F /* SettingsView.swift */,
				6301F9A726A039F90001E40E /* WebView.swift */,
			);
			path = Views;
			sourceTree = "<group>";
		};
		63CB353527187C7C0076324B /* GreenLightTests */ = {
			isa = PBXGroup;
			children = (
				63CB353627187C7C0076324B /* GreenLightTests.swift */,
				A1A1000A26046A1000000001 /* LightStateManagerTests.swift */,
				A1A1000B26046A1000000001 /* GeometryFilterTests.swift */,
				A1A1000C26046A1000000001 /* ColorHeuristicTests.swift */,
				A1A1001126046A1000000001 /* TelemetryLoggerTests.swift */,
			);
			path = GreenLightTests;
			sourceTree = "<group>";
		};
		A1C1000126046A1000000001 /* Detection */ = {
			isa = PBXGroup;
			children = (
				A1A1000126046A1000000001 /* Types.swift */,
				A1A1000226046A1000000001 /* LightStateManager.swift */,
				A1A1000326046A1000000001 /* GeometryFilter.swift */,
				A1A1000426046A1000000001 /* ColorHeuristic.swift */,
			);
			path = Detection;
			sourceTree = "<group>";
		};
		A1C1000226046A1000000001 /* State */ = {
			isa = PBXGroup;
			children = (
				A1A1000526046A1000000001 /* DetectionState.swift */,
			);
			path = State;
			sourceTree = "<group>";
		};
		A1C1000626046A1000000001 /* Telemetry */ = {
			isa = PBXGroup;
			children = (
				A1A1001026046A1000000001 /* TelemetryLogger.swift */,
			);
			path = Telemetry;
			sourceTree = "<group>";
		};
		A1C1000326046A1000000001 /* Audio */ = {
			isa = PBXGroup;
			children = (
				A1A1000626046A1000000001 /* ChimeController.swift */,
			);
			path = Audio;
			sourceTree = "<group>";
		};
		A1C1000426046A1000000001 /* App */ = {
			isa = PBXGroup;
			children = (
				A1A1000826046A1000000001 /* SceneDelegate.swift */,
			);
			path = App;
			sourceTree = "<group>";
		};
		A1C1000526046A1000000001 /* Resources */ = {
			isa = PBXGroup;
			children = (
				A1A1000D26046A1000000001 /* chime.aiff */,
			);
			path = Resources;
			sourceTree = "<group>";
		};
		FA86553BE8674B6BE41BAA64 /* Configuration */ = {
			isa = PBXGroup;
			children = (
				7984D3D3A63BDFC4A07FEF8F /* SampleCode.xcconfig */,
			);
			name = Configuration;
			sourceTree = "<group>";
		};
		FAD500921ED668B60074D713 = {
			isa = PBXGroup;
			children = (
				FAD5009D1ED668B60074D713 /* GreenLight */,
				63CB353527187C7C0076324B /* GreenLightTests */,
				FAD5009C1ED668B60074D713 /* Products */,
				FA86553BE8674B6BE41BAA64 /* Configuration */,
			);
			sourceTree = "<group>";
		};
		FAD5009C1ED668B60074D713 /* Products */ = {
			isa = PBXGroup;
			children = (
				FAD5009B1ED668B60074D713 /* GreenLight.app */,
				63CB353427187C7C0076324B /* GreenLightTests.xctest */,
			);
			name = Products;
			sourceTree = "<group>";
		};
		FAD5009D1ED668B60074D713 /* GreenLight */ = {
			isa = PBXGroup;
			children = (
				A1C1000426046A1000000001 /* App */,
				A1C1000326046A1000000001 /* Audio */,
				A1C1000126046A1000000001 /* Detection */,
				A1C1000626046A1000000001 /* Telemetry */,
				A1C1000526046A1000000001 /* Resources */,
				A1C1000226046A1000000001 /* State */,
				63131F0F26F5E264003E9111 /* Models */,
				63131F0E26F5E1FB003E9111 /* ViewControllers */,
				63832B82269A24CC00590A9F /* Views */,
				FAD5009E1ED668B60074D713 /* AppDelegate.swift */,
				A1A1000926046A1000000001 /* PrivacyInfo.xcprivacy */,
				FAD500A21ED668B60074D713 /* Main.storyboard */,
				FAD500A51ED668B60074D713 /* Assets.xcassets */,
				FAD500A71ED668B60074D713 /* LaunchScreen.storyboard */,
				FAD500AA1ED668B60074D713 /* Info.plist */,
			);
			path = GreenLight;
			sourceTree = "<group>";
		};
/* End PBXGroup section */

/* Begin PBXNativeTarget section */
		63CB353327187C7C0076324B /* GreenLightTests */ = {
			isa = PBXNativeTarget;
			buildConfigurationList = 63CB353A27187C7C0076324B /* Build configuration list for PBXNativeTarget "GreenLightTests" */;
			buildPhases = (
				63CB353027187C7C0076324B /* Sources */,
				63CB353127187C7C0076324B /* Frameworks */,
				63CB353227187C7C0076324B /* Resources */,
			);
			buildRules = (
			);
			dependencies = (
				63CB353927187C7C0076324B /* PBXTargetDependency */,
			);
			name = GreenLightTests;
			productName = GreenLightTests;
			productReference = 63CB353427187C7C0076324B /* GreenLightTests.xctest */;
			productType = "com.apple.product-type.bundle.unit-test";
		};
		FAD5009A1ED668B60074D713 /* GreenLight */ = {
			isa = PBXNativeTarget;
			buildConfigurationList = FAD500AD1ED668B60074D713 /* Build configuration list for PBXNativeTarget "GreenLight" */;
			buildPhases = (
				FAD500971ED668B60074D713 /* Sources */,
				FAD500981ED668B60074D713 /* Frameworks */,
				FAD500991ED668B60074D713 /* Resources */,
			);
			buildRules = (
			);
			dependencies = (
			);
			name = GreenLight;
			productName = "VisionCamObjectRecognition-Swift";
			productReference = FAD5009B1ED668B60074D713 /* GreenLight.app */;
			productType = "com.apple.product-type.application";
		};
/* End PBXNativeTarget section */

/* Begin PBXProject section */
		FAD500931ED668B60074D713 /* Project object */ = {
			isa = PBXProject;
			attributes = {
				BuildIndependentTargetsInParallel = YES;
				DefaultBuildSystemTypeForWorkspace = Latest;
				LastSwiftUpdateCheck = 1300;
				LastUpgradeCheck = 1620;
				ORGANIZATIONNAME = "";
				TargetAttributes = {
					63CB353327187C7C0076324B = {
						CreatedOnToolsVersion = 13.0;
						ProvisioningStyle = Automatic;
						TestTargetID = FAD5009A1ED668B60074D713;
					};
					FAD5009A1ED668B60074D713 = {
						CreatedOnToolsVersion = 9.0;
						LastSwiftMigration = 1140;
						ProvisioningStyle = Automatic;
					};
				};
			};
			buildConfigurationList = FAD500961ED668B60074D713 /* Build configuration list for PBXProject "GreenLight" */;
			compatibilityVersion = "Xcode 8.0";
			developmentRegion = en;
			hasScannedForEncodings = 0;
			knownRegions = (
				en,
				Base,
			);
			mainGroup = FAD500921ED668B60074D713;
			productRefGroup = FAD5009C1ED668B60074D713 /* Products */;
			projectDirPath = "";
			projectRoot = "";
			targets = (
				FAD5009A1ED668B60074D713 /* GreenLight */,
				63CB353327187C7C0076324B /* GreenLightTests */,
			);
		};
/* End PBXProject section */

/* Begin PBXResourcesBuildPhase section */
		63CB353227187C7C0076324B /* Resources */ = {
			isa = PBXResourcesBuildPhase;
			buildActionMask = 2147483647;
			files = (
			);
			runOnlyForDeploymentPostprocessing = 0;
		};
		FAD500991ED668B60074D713 /* Resources */ = {
			isa = PBXResourcesBuildPhase;
			buildActionMask = 2147483647;
			files = (
				A1B1000E26046A1000000001 /* yolo26nTraffic.mlpackage in Resources */,
				A1B1000F26046A1000000001 /* yolo11nTraffic.mlpackage in Resources */,
				A1B1000D26046A1000000001 /* chime.aiff in Resources */,
				A1B1000926046A1000000001 /* PrivacyInfo.xcprivacy in Resources */,
				FAD500A91ED668B60074D713 /* LaunchScreen.storyboard in Resources */,
				FAD500A61ED668B60074D713 /* Assets.xcassets in Resources */,
				FAD500A41ED668B60074D713 /* Main.storyboard in Resources */,
			);
			runOnlyForDeploymentPostprocessing = 0;
		};
/* End PBXResourcesBuildPhase section */

/* Begin PBXSourcesBuildPhase section */
		63CB353027187C7C0076324B /* Sources */ = {
			isa = PBXSourcesBuildPhase;
			buildActionMask = 2147483647;
			files = (
				A1B1000C26046A1000000001 /* ColorHeuristicTests.swift in Sources */,
				63CB353727187C7C0076324B /* GreenLightTests.swift in Sources */,
				A1B1000A26046A1000000001 /* LightStateManagerTests.swift in Sources */,
				A1B1000B26046A1000000001 /* GeometryFilterTests.swift in Sources */,
				A1B1001126046A1000000001 /* TelemetryLoggerTests.swift in Sources */,
			);
			runOnlyForDeploymentPostprocessing = 0;
		};
		FAD500971ED668B60074D713 /* Sources */ = {
			isa = PBXSourcesBuildPhase;
			buildActionMask = 2147483647;
			files = (
				A1B1000626046A1000000001 /* ChimeController.swift in Sources */,
				63832B7F269A249000590A9F /* SettingsView.swift in Sources */,
				A1B1000826046A1000000001 /* SceneDelegate.swift in Sources */,
				A1B1000526046A1000000001 /* DetectionState.swift in Sources */,
				6301F9A626A039600001E40E /* WebViewContainer.swift in Sources */,
				FAB417F62099308400494E9C /* ViewControllerDetection.swift in Sources */,
				FAD500A11ED668B60074D713 /* ViewController.swift in Sources */,
				A1B1000326046A1000000001 /* GeometryFilter.swift in Sources */,
				A1B1000426046A1000000001 /* ColorHeuristic.swift in Sources */,
				A1B1000726046A1000000001 /* HUDView.swift in Sources */,
				A1B1001026046A1000000001 /* TelemetryLogger.swift in Sources */,
				6356002D26EBC86400A641D9 /* yolov5sTraffic.mlmodel in Sources */,
				A1B1000126046A1000000001 /* Types.swift in Sources */,
				FAD5009F1ED668B60074D713 /* AppDelegate.swift in Sources */,
				A1B1000226046A1000000001 /* LightStateManager.swift in Sources */,
				6301F9A826A039F90001E40E /* WebView.swift in Sources */,
				63CB3CDD26E79E770015FFBD /* Constants.swift in Sources */,
			);
			runOnlyForDeploymentPostprocessing = 0;
		};
/* End PBXSourcesBuildPhase section */

/* Begin PBXTargetDependency section */
		63CB353927187C7C0076324B /* PBXTargetDependency */ = {
			isa = PBXTargetDependency;
			target = FAD5009A1ED668B60074D713 /* GreenLight */;
			targetProxy = 63CB353827187C7C0076324B /* PBXContainerItemProxy */;
		};
/* End PBXTargetDependency section */

/* Begin PBXVariantGroup section */
		FAD500A21ED668B60074D713 /* Main.storyboard */ = {
			isa = PBXVariantGroup;
			children = (
				FAD500A31ED668B60074D713 /* Base */,
			);
			name = Main.storyboard;
			sourceTree = "<group>";
		};
		FAD500A71ED668B60074D713 /* LaunchScreen.storyboard */ = {
			isa = PBXVariantGroup;
			children = (
				FAD500A81ED668B60074D713 /* Base */,
			);
			name = LaunchScreen.storyboard;
			sourceTree = "<group>";
		};
/* End PBXVariantGroup section */

/* Begin XCBuildConfiguration section */
		63CB353B27187C7C0076324B /* Debug */ = {
			isa = XCBuildConfiguration;
			buildSettings = {
				BUNDLE_LOADER = "$(TEST_HOST)";
				CLANG_CXX_LANGUAGE_STANDARD = "gnu++17";
				CLANG_ENABLE_OBJC_WEAK = YES;
				CODE_SIGN_STYLE = Automatic;
				CURRENT_PROJECT_VERSION = 1;
				DEVELOPMENT_TEAM = 8N9383UWC5;
				GENERATE_INFOPLIST_FILE = YES;
				IPHONEOS_DEPLOYMENT_TARGET = 15.0;
				LD_RUNPATH_SEARCH_PATHS = (
					"$(inherited)",
					"@executable_path/Frameworks",
					"@loader_path/Frameworks",
				);
				MARKETING_VERSION = 1.0;
				MTL_ENABLE_DEBUG_INFO = INCLUDE_SOURCE;
				MTL_FAST_MATH = YES;
				PRODUCT_BUNDLE_IDENTIFIER = com.jackfoster.greenlight.driverassistantTests;
				PRODUCT_NAME = "$(TARGET_NAME)";
				SWIFT_EMIT_LOC_STRINGS = NO;
				SWIFT_VERSION = 5.0;
				TARGETED_DEVICE_FAMILY = "1,2";
				TEST_HOST = "$(BUILT_PRODUCTS_DIR)/GreenLight.app/GreenLight";
			};
			name = Debug;
		};
		63CB353C27187C7C0076324B /* Release */ = {
			isa = XCBuildConfiguration;
			buildSettings = {
				BUNDLE_LOADER = "$(TEST_HOST)";
				CLANG_CXX_LANGUAGE_STANDARD = "gnu++17";
				CLANG_ENABLE_OBJC_WEAK = YES;
				CODE_SIGN_STYLE = Automatic;
				CURRENT_PROJECT_VERSION = 1;
				DEVELOPMENT_TEAM = 8N9383UWC5;
				GENERATE_INFOPLIST_FILE = YES;
				IPHONEOS_DEPLOYMENT_TARGET = 15.0;
				LD_RUNPATH_SEARCH_PATHS = (
					"$(inherited)",
					"@executable_path/Frameworks",
					"@loader_path/Frameworks",
				);
				MARKETING_VERSION = 1.0;
				MTL_FAST_MATH = YES;
				PRODUCT_BUNDLE_IDENTIFIER = com.jackfoster.greenlight.driverassistantTests;
				PRODUCT_NAME = "$(TARGET_NAME)";
				SWIFT_EMIT_LOC_STRINGS = NO;
				SWIFT_VERSION = 5.0;
				TARGETED_DEVICE_FAMILY = "1,2";
				TEST_HOST = "$(BUILT_PRODUCTS_DIR)/GreenLight.app/GreenLight";
			};
			name = Release;
		};
		FAD500AB1ED668B60074D713 /* Debug */ = {
			isa = XCBuildConfiguration;
			baseConfigurationReference = 7984D3D3A63BDFC4A07FEF8F /* SampleCode.xcconfig */;
			buildSettings = {
				ALWAYS_SEARCH_USER_PATHS = NO;
				CLANG_ANALYZER_NONNULL = YES;
				CLANG_ANALYZER_NUMBER_OBJECT_CONVERSION = YES_AGGRESSIVE;
				CLANG_CXX_LANGUAGE_STANDARD = "gnu++14";
				CLANG_CXX_LIBRARY = "libc++";
				CLANG_ENABLE_MODULES = YES;
				CLANG_ENABLE_OBJC_ARC = YES;
				CLANG_WARN_BLOCK_CAPTURE_AUTORELEASING = YES;
				CLANG_WARN_BOOL_CONVERSION = YES;
				CLANG_WARN_COMMA = YES;
				CLANG_WARN_CONSTANT_CONVERSION = YES;
				CLANG_WARN_DEPRECATED_OBJC_IMPLEMENTATIONS = YES;
				CLANG_WARN_DIRECT_OBJC_ISA_USAGE = YES_ERROR;
				CLANG_WARN_DOCUMENTATION_COMMENTS = YES;
				CLANG_WARN_EMPTY_BODY = YES;
				CLANG_WARN_ENUM_CONVERSION = YES;
				CLANG_WARN_INFINITE_RECURSION = YES;
				CLANG_WARN_INT_CONVERSION = YES;
				CLANG_WARN_NON_LITERAL_NULL_CONVERSION = YES;
				CLANG_WARN_OBJC_IMPLICIT_RETAIN_SELF = YES;
				CLANG_WARN_OBJC_LITERAL_CONVERSION = YES;
				CLANG_WARN_OBJC_ROOT_CLASS = YES_ERROR;
				CLANG_WARN_QUOTED_INCLUDE_IN_FRAMEWORK_HEADER = YES;
				CLANG_WARN_RANGE_LOOP_ANALYSIS = YES;
				CLANG_WARN_STRICT_PROTOTYPES = YES;
				CLANG_WARN_SUSPICIOUS_MOVE = YES;
				CLANG_WARN_UNGUARDED_AVAILABILITY = YES_AGGRESSIVE;
				CLANG_WARN_UNREACHABLE_CODE = YES;
				CLANG_WARN__DUPLICATE_METHOD_MATCH = YES;
				CODE_SIGN_IDENTITY = "iPhone Developer";
				COPY_PHASE_STRIP = NO;
				COREML_CODEGEN_LANGUAGE = Automatic;
				DEBUG_INFORMATION_FORMAT = dwarf;
				ENABLE_STRICT_OBJC_MSGSEND = YES;
				ENABLE_TESTABILITY = YES;
				ENABLE_USER_SCRIPT_SANDBOXING = YES;
				GCC_C_LANGUAGE_STANDARD = gnu11;
				GCC_DYNAMIC_NO_PIC = NO;
				GCC_NO_COMMON_BLOCKS = YES;
				GCC_OPTIMIZATION_LEVEL = 0;
				GCC_PREPROCESSOR_DEFINITIONS = (
					"DEBUG=1",
					"$(inherited)",
				);
				GCC_WARN_64_TO_32_BIT_CONVERSION = YES;
				GCC_WARN_ABOUT_RETURN_TYPE = YES_ERROR;
				GCC_WARN_UNDECLARED_SELECTOR = YES;
				GCC_WARN_UNINITIALIZED_AUTOS = YES_AGGRESSIVE;
				GCC_WARN_UNUSED_FUNCTION = YES;
				GCC_WARN_UNUSED_VARIABLE = YES;
				IPHONEOS_DEPLOYMENT_TARGET = 12.0;
				MTL_ENABLE_DEBUG_INFO = YES;
				ONLY_ACTIVE_ARCH = YES;
				SDKROOT = iphoneos;
				SWIFT_ACTIVE_COMPILATION_CONDITIONS = DEBUG;
				SWIFT_OPTIMIZATION_LEVEL = "-Onone";
				SWIFT_VERSION = 4.2;
			};
			name = Debug;
		};
		FAD500AC1ED668B60074D713 /* Release */ = {
			isa = XCBuildConfiguration;
			baseConfigurationReference = 7984D3D3A63BDFC4A07FEF8F /* SampleCode.xcconfig */;
			buildSettings = {
				ALWAYS_SEARCH_USER_PATHS = NO;
				CLANG_ANALYZER_NONNULL = YES;
				CLANG_ANALYZER_NUMBER_OBJECT_CONVERSION = YES_AGGRESSIVE;
				CLANG_CXX_LANGUAGE_STANDARD = "gnu++14";
				CLANG_CXX_LIBRARY = "libc++";
				CLANG_ENABLE_MODULES = YES;
				CLANG_ENABLE_OBJC_ARC = YES;
				CLANG_WARN_BLOCK_CAPTURE_AUTORELEASING = YES;
				CLANG_WARN_BOOL_CONVERSION = YES;
				CLANG_WARN_COMMA = YES;
				CLANG_WARN_CONSTANT_CONVERSION = YES;
				CLANG_WARN_DEPRECATED_OBJC_IMPLEMENTATIONS = YES;
				CLANG_WARN_DIRECT_OBJC_ISA_USAGE = YES_ERROR;
				CLANG_WARN_DOCUMENTATION_COMMENTS = YES;
				CLANG_WARN_EMPTY_BODY = YES;
				CLANG_WARN_ENUM_CONVERSION = YES;
				CLANG_WARN_INFINITE_RECURSION = YES;
				CLANG_WARN_INT_CONVERSION = YES;
				CLANG_WARN_NON_LITERAL_NULL_CONVERSION = YES;
				CLANG_WARN_OBJC_IMPLICIT_RETAIN_SELF = YES;
				CLANG_WARN_OBJC_LITERAL_CONVERSION = YES;
				CLANG_WARN_OBJC_ROOT_CLASS = YES_ERROR;
				CLANG_WARN_QUOTED_INCLUDE_IN_FRAMEWORK_HEADER = YES;
				CLANG_WARN_RANGE_LOOP_ANALYSIS = YES;
				CLANG_WARN_STRICT_PROTOTYPES = YES;
				CLANG_WARN_SUSPICIOUS_MOVE = YES;
				CLANG_WARN_UNGUARDED_AVAILABILITY = YES_AGGRESSIVE;
				CLANG_WARN_UNREACHABLE_CODE = YES;
				CLANG_WARN__DUPLICATE_METHOD_MATCH = YES;
				CODE_SIGN_IDENTITY = "iPhone Developer";
				COPY_PHASE_STRIP = NO;
				COREML_CODEGEN_LANGUAGE = Automatic;
				DEBUG_INFORMATION_FORMAT = "dwarf-with-dsym";
				ENABLE_NS_ASSERTIONS = NO;
				ENABLE_STRICT_OBJC_MSGSEND = YES;
				ENABLE_USER_SCRIPT_SANDBOXING = YES;
				GCC_C_LANGUAGE_STANDARD = gnu11;
				GCC_NO_COMMON_BLOCKS = YES;
				GCC_WARN_64_TO_32_BIT_CONVERSION = YES;
				GCC_WARN_ABOUT_RETURN_TYPE = YES_ERROR;
				GCC_WARN_UNDECLARED_SELECTOR = YES;
				GCC_WARN_UNINITIALIZED_AUTOS = YES_AGGRESSIVE;
				GCC_WARN_UNUSED_FUNCTION = YES;
				GCC_WARN_UNUSED_VARIABLE = YES;
				IPHONEOS_DEPLOYMENT_TARGET = 12.0;
				MTL_ENABLE_DEBUG_INFO = NO;
				SDKROOT = iphoneos;
				SWIFT_COMPILATION_MODE = wholemodule;
				SWIFT_OPTIMIZATION_LEVEL = "-O";
				SWIFT_VERSION = 4.2;
				VALIDATE_PRODUCT = YES;
			};
			name = Release;
		};
		FAD500AE1ED668B60074D713 /* Debug */ = {
			isa = XCBuildConfiguration;
			baseConfigurationReference = 7984D3D3A63BDFC4A07FEF8F /* SampleCode.xcconfig */;
			buildSettings = {
				ASSETCATALOG_COMPILER_APPICON_NAME = AppIcon;
				CODE_SIGN_IDENTITY = "iPhone Developer";
				CODE_SIGN_STYLE = Automatic;
				DEVELOPMENT_TEAM = JJU38BPJ9P;
				INFOPLIST_FILE = "$(SRCROOT)/GreenLight/Info.plist";
				IPHONEOS_DEPLOYMENT_TARGET = 14.1;
				LD_RUNPATH_SEARCH_PATHS = (
					"$(inherited)",
					"@executable_path/Frameworks",
				);
				PRODUCT_BUNDLE_IDENTIFIER = com.jackfoster.greenlight.driverassistant;
				PRODUCT_NAME = "$(TARGET_NAME)";
				PROVISIONING_PROFILE_SPECIFIER = "";
				SWIFT_VERSION = 5.0;
				TARGETED_DEVICE_FAMILY = "1,2";
			};
			name = Debug;
		};
		FAD500AF1ED668B60074D713 /* Release */ = {
			isa = XCBuildConfiguration;
			baseConfigurationReference = 7984D3D3A63BDFC4A07FEF8F /* SampleCode.xcconfig */;
			buildSettings = {
				ASSETCATALOG_COMPILER_APPICON_NAME = AppIcon;
				CODE_SIGN_IDENTITY = "iPhone Developer";
				CODE_SIGN_STYLE = Automatic;
				DEVELOPMENT_TEAM = JJU38BPJ9P;
				INFOPLIST_FILE = "$(SRCROOT)/GreenLight/Info.plist";
				IPHONEOS_DEPLOYMENT_TARGET = 14.1;
				LD_RUNPATH_SEARCH_PATHS = (
					"$(inherited)",
					"@executable_path/Frameworks",
				);
				PRODUCT_BUNDLE_IDENTIFIER = com.jackfoster.greenlight.driverassistant;
				PRODUCT_NAME = "$(TARGET_NAME)";
				PROVISIONING_PROFILE_SPECIFIER = "";
				SWIFT_VERSION = 5.0;
				TARGETED_DEVICE_FAMILY = "1,2";
			};
			name = Release;
		};
/* End XCBuildConfiguration section */

/* Begin XCConfigurationList section */
		63CB353A27187C7C0076324B /* Build configuration list for PBXNativeTarget "GreenLightTests" */ = {
			isa = XCConfigurationList;
			buildConfigurations = (
				63CB353B27187C7C0076324B /* Debug */,
				63CB353C27187C7C0076324B /* Release */,
			);
			defaultConfigurationIsVisible = 0;
			defaultConfigurationName = Release;
		};
		FAD500961ED668B60074D713 /* Build configuration list for PBXProject "GreenLight" */ = {
			isa = XCConfigurationList;
			buildConfigurations = (
				FAD500AB1ED668B60074D713 /* Debug */,
				FAD500AC1ED668B60074D713 /* Release */,
			);
			defaultConfigurationIsVisible = 0;
			defaultConfigurationName = Release;
		};
		FAD500AD1ED668B60074D713 /* Build configuration list for PBXNativeTarget "GreenLight" */ = {
			isa = XCConfigurationList;
			buildConfigurations = (
				FAD500AE1ED668B60074D713 /* Debug */,
				FAD500AF1ED668B60074D713 /* Release */,
			);
			defaultConfigurationIsVisible = 0;
			defaultConfigurationName = Release;
		};
/* End XCConfigurationList section */
	};
	rootObject = FAD500931ED668B60074D713 /* Project object */;
}
